
Microsoft Visual Studio Solution File, Format Version 12.00
# Visual Studio Version 17
VisualStudioVersion = 17.2.32526.322
MinimumVisualStudioVersion = 10.0.40219.1
Project("{2150E333-8FDC-42A3-9474-1A3956D46DE8}") = "src", "src", "{6C7E5914-CD6B-40F1-BFD7-8FB17E3EAE11}"
EndProject
Project("{2150E333-8FDC-42A3-9474-1A3956D46DE8}") = "test", "test", "{9D50B35B-1EAA-4620-B0A6-245456051247}"
EndProject
Project("{9A19103F-16F7-4668-BE54-9A1E7A4F7556}") = "YS.Knife.Query", "src\YS.Knife.Query\YS.Knife.Query.csproj", "{C735EFEF-EE33-4662-86A0-2197314F05F9}"
EndProject
Project("{9A19103F-16F7-4668-BE54-9A1E7A4F7556}") = "YS.Knife.Query.UnitTest", "test\YS.Knife.Query.UnitTest\YS.Knife.Query.UnitTest.csproj", "{8CE8046F-4A2C-4EB2-8F51-8D366603B4BB}"
EndProject
Project("{9A19103F-16F7-4668-BE54-9A1E7A4F7556}") = "YS.Knife.Query.IntegrationTest", "test\YS.Knife.Query.IntegrationTest\YS.Knife.Query.IntegrationTest.csproj", "{E2ADF207-B5D6-47FE-A0D5-8FFEF9ED0552}"
EndProject
Project("{9A19103F-16F7-4668-BE54-9A1E7A4F7556}") = "TestProject1", "test\TestProject1\TestProject1.csproj", "{8AF8CDC7-03E4-4D0B-908E-9DCF3710C807}"
EndProject
Project("{2150E333-8FDC-42A3-9474-1A3956D46DE8}") = "demo", "demo", "{D739BE87-F2D5-441D-88E9-474895BBA62F}"
EndProject
Project("{9A19103F-16F7-4668-BE54-9A1E7A4F7556}") = "YS.Knife.Query.Demo.AspnetCore", "example\YS.Knife.Query.Demo.AspnetCore\YS.Knife.Query.Demo.AspnetCore.csproj", "{7674F6B5-7AEC-4AAE-B675-1D5D588E8464}"
EndProject
Project("{9A19103F-16F7-4668-BE54-9A1E7A4F7556}") = "YS.Knife.Query.Demo.Core", "example\YS.Knife.Query.Demo.Core\YS.Knife.Query.Demo.Core.csproj", "{81D2748C-1994-4315-B01B-0881754D6C85}"
EndProject
Project("{9A19103F-16F7-4668-BE54-9A1E7A4F7556}") = "YS.Knife.Query.Demo.Impl", "example\YS.Knife.Query.Demo.Impl\YS.Knife.Query.Demo.Impl.csproj", "{5490DAD8-1E96-4A96-976C-9B013E191E98}"
EndProject
Project("{9A19103F-16F7-4668-BE54-9A1E7A4F7556}") = "YS.Knife.Query.Demo.Domain", "example\YS.Knife.Query.Demo.Domain\YS.Knife.Query.Demo.Domain.csproj", "{8EE26894-2CD5-4BBB-A99D-E0A20BD27E7F}"
EndProject
Project("{9A19103F-16F7-4668-BE54-9A1E7A4F7556}") = "YS.Knife.Query.Demo.Models", "example\YS.Knife.Query.Demo.Models\YS.Knife.Query.Demo.Models.csproj", "{6CEC4E61-D1C0-454E-A534-E4B9305830F4}"
EndProject
Global
	GlobalSection(SolutionConfigurationPlatforms) = preSolution
		Debug|Any CPU = Debug|Any CPU
		Release|Any CPU = Release|Any CPU
	EndGlobalSection
	GlobalSection(ProjectConfigurationPlatforms) = postSolution
		{C735EFEF-EE33-4662-86A0-2197314F05F9}.Debug|Any CPU.ActiveCfg = Debug|Any CPU
		{C735EFEF-EE33-4662-86A0-2197314F05F9}.Debug|Any CPU.Build.0 = Debug|Any CPU
		{C735EFEF-EE33-4662-86A0-2197314F05F9}.Release|Any CPU.ActiveCfg = Release|Any CPU
		{C735EFEF-EE33-4662-86A0-2197314F05F9}.Release|Any CPU.Build.0 = Release|Any CPU
		{8CE8046F-4A2C-4EB2-8F51-8D366603B4BB}.Debug|Any CPU.ActiveCfg = Debug|Any CPU
		{8CE8046F-4A2C-4EB2-8F51-8D366603B4BB}.Debug|Any CPU.Build.0 = Debug|Any CPU
		{8CE8046F-4A2C-4EB2-8F51-8D366603B4BB}.Release|Any CPU.ActiveCfg = Release|Any CPU
		{8CE8046F-4A2C-4EB2-8F51-8D366603B4BB}.Release|Any CPU.Build.0 = Release|Any CPU
		{E2ADF207-B5D6-47FE-A0D5-8FFEF9ED0552}.Debug|Any CPU.ActiveCfg = Debug|Any CPU
		{E2ADF207-B5D6-47FE-A0D5-8FFEF9ED0552}.Debug|Any CPU.Build.0 = Debug|Any CPU
		{E2ADF207-B5D6-47FE-A0D5-8FFEF9ED0552}.Release|Any CPU.ActiveCfg = Release|Any CPU
		{E2ADF207-B5D6-47FE-A0D5-8FFEF9ED0552}.Release|Any CPU.Build.0 = Release|Any CPU
		{8AF8CDC7-03E4-4D0B-908E-9DCF3710C807}.Debug|Any CPU.ActiveCfg = Debug|Any CPU
		{8AF8CDC7-03E4-4D0B-908E-9DCF3710C807}.Debug|Any CPU.Build.0 = Debug|Any CPU
		{8AF8CDC7-03E4-4D0B-908E-9DCF3710C807}.Release|Any CPU.ActiveCfg = Release|Any CPU
		{8AF8CDC7-03E4-4D0B-908E-9DCF3710C807}.Release|Any CPU.Build.0 = Release|Any CPU
		{7674F6B5-7AEC-4AAE-B675-1D5D588E8464}.Debug|Any CPU.ActiveCfg = Debug|Any CPU
		{7674F6B5-7AEC-4AAE-B675-1D5D588E8464}.Debug|Any CPU.Build.0 = Debug|Any CPU
		{7674F6B5-7AEC-4AAE-B675-1D5D588E8464}.Release|Any CPU.ActiveCfg = Release|Any CPU
		{7674F6B5-7AEC-4AAE-B675-1D5D588E8464}.Release|Any CPU.Build.0 = Release|Any CPU
		{81D2748C-1994-4315-B01B-0881754D6C85}.Debug|Any CPU.ActiveCfg = Debug|Any CPU
		{81D2748C-1994-4315-B01B-0881754D6C85}.Debug|Any CPU.Build.0 = Debug|Any CPU
		{81D2748C-1994-4315-B01B-0881754D6C85}.Release|Any CPU.ActiveCfg = Release|Any CPU
		{81D2748C-1994-4315-B01B-0881754D6C85}.Release|Any CPU.Build.0 = Release|Any CPU
		{5490DAD8-1E96-4A96-976C-9B013E191E98}.Debug|Any CPU.ActiveCfg = Debug|Any CPU
		{5490DAD8-1E96-4A96-976C-9B013E191E98}.Debug|Any CPU.Build.0 = Debug|Any CPU
		{5490DAD8-1E96-4A96-976C-9B013E191E98}.Release|Any CPU.ActiveCfg = Release|Any CPU
		{5490DAD8-1E96-4A96-976C-9B013E191E98}.Release|Any CPU.Build.0 = Release|Any CPU
		{8EE26894-2CD5-4BBB-A99D-E0A20BD27E7F}.Debug|Any CPU.ActiveCfg = Debug|Any CPU
		{8EE26894-2CD5-4BBB-A99D-E0A20BD27E7F}.Debug|Any CPU.Build.0 = Debug|Any CPU
		{8EE26894-2CD5-4BBB-A99D-E0A20BD27E7F}.Release|Any CPU.ActiveCfg = Release|Any CPU
		{8EE26894-2CD5-4BBB-A99D-E0A20BD27E7F}.Release|Any CPU.Build.0 = Release|Any CPU
		{6CEC4E61-D1C0-454E-A534-E4B9305830F4}.Debug|Any CPU.ActiveCfg = Debug|Any CPU
		{6CEC4E61-D1C0-454E-A534-E4B9305830F4}.Debug|Any CPU.Build.0 = Debug|Any CPU
		{6CEC4E61-D1C0-454E-A534-E4B9305830F4}.Release|Any CPU.ActiveCfg = Release|Any CPU
		{6CEC4E61-D1C0-454E-A534-E4B9305830F4}.Release|Any CPU.Build.0 = Release|Any CPU
	EndGlobalSection
	GlobalSection(SolutionProperties) = preSolution
		HideSolutionNode = FALSE
	EndGlobalSection
	GlobalSection(NestedProjects) = preSolution
		{C735EFEF-EE33-4662-86A0-2197314F05F9} = {6C7E5914-CD6B-40F1-BFD7-8FB17E3EAE11}
		{8CE8046F-4A2C-4EB2-8F51-8D366603B4BB} = {9D50B35B-1EAA-4620-B0A6-245456051247}
		{E2ADF207-B5D6-47FE-A0D5-8FFEF9ED0552} = {9D50B35B-1EAA-4620-B0A6-245456051247}
		{8AF8CDC7-03E4-4D0B-908E-9DCF3710C807} = {9D50B35B-1EAA-4620-B0A6-245456051247}
		{7674F6B5-7AEC-4AAE-B675-1D5D588E8464} = {D739BE87-F2D5-441D-88E9-474895BBA62F}
		{81D2748C-1994-4315-B01B-0881754D6C85} = {D739BE87-F2D5-441D-88E9-474895BBA62F}
		{5490DAD8-1E96-4A96-976C-9B013E191E98} = {D739BE87-F2D5-441D-88E9-474895BBA62F}
		{8EE26894-2CD5-4BBB-A99D-E0A20BD27E7F} = {D739BE87-F2D5-441D-88E9-474895BBA62F}
		{6CEC4E61-D1C0-454E-A534-E4B9305830F4} = {D739BE87-F2D5-441D-88E9-474895BBA62F}
	EndGlobalSection
	GlobalSection(ExtensibilityGlobals) = postSolution
		SolutionGuid = {DB11BB21-3F5D-42D6-8737-F19C0666F1F8}
	EndGlobalSection
EndGlobal
